
Microsoft Visual Studio Solution File, Format Version 12.00
# Visual Studio Version 17
VisualStudioVersion = 17.12.35514.174
MinimumVisualStudioVersion = 10.0.40219.1
Project("{FAE04EC0-301F-11D3-BF4B-00C04F79EFBC}") = "Väderdata", "VäderdataUI\Väderdata.csproj", "{4EE2F24E-A2F7-4840-A0F1-740375E1CB8D}"
EndProject
Global
	GlobalSection(SolutionConfigurationPlatforms) = preSolution
		Debug|Any CPU = Debug|Any CPU
		Release|Any CPU = Release|Any CPU
	EndGlobalSection
	GlobalSection(ProjectConfigurationPlatforms) = postSolution
		{4EE2F24E-A2F7-4840-A0F1-740375E1CB8D}.Debug|Any CPU.ActiveCfg = Debug|Any CPU
		{4EE2F24E-A2F7-4840-A0F1-740375E1CB8D}.Debug|Any CPU.Build.0 = Debug|Any CPU
		{4EE2F24E-A2F7-4840-A0F1-740375E1CB8D}.Release|Any CPU.ActiveCfg = Release|Any CPU
		{4EE2F24E-A2F7-4840-A0F1-740375E1CB8D}.Release|Any CPU.Build.0 = Release|Any CPU
	EndGlobalSection
	GlobalSection(SolutionProperties) = preSolution
		HideSolutionNode = FALSE
	EndGlobalSection
EndGlobal
